// !$*UTF8*$!
{
	archiveVersion = 1;
	classes = {
	};
	objectVersion = 56;
	objects = {

/* Begin PBXBuildFile section */
		3159BF793B223328D5B76971 /* Pods_test290423.framework in Frameworks */ = {isa = PBXBuildFile; fileRef = 19FD768BBFA8412E809BABD7 /* Pods_test290423.framework */; };
		9F84642129FD5CE400261E55 /* AppDelegate.swift in Sources */ = {isa = PBXBuildFile; fileRef = 9F84642029FD5CE400261E55 /* AppDelegate.swift */; };
		9F84642329FD5CE400261E55 /* SceneDelegate.swift in Sources */ = {isa = PBXBuildFile; fileRef = 9F84642229FD5CE400261E55 /* SceneDelegate.swift */; };
		9F84642529FD5CE400261E55 /* ViewController.swift in Sources */ = {isa = PBXBuildFile; fileRef = 9F84642429FD5CE400261E55 /* ViewController.swift */; };
		9F84642829FD5CE400261E55 /* Main.storyboard in Resources */ = {isa = PBXBuildFile; fileRef = 9F84642629FD5CE400261E55 /* Main.storyboard */; };
		9F84642A29FD5CE600261E55 /* Assets.xcassets in Resources */ = {isa = PBXBuildFile; fileRef = 9F84642929FD5CE600261E55 /* Assets.xcassets */; };
		9F84642D29FD5CE600261E55 /* LaunchScreen.storyboard in Resources */ = {isa = PBXBuildFile; fileRef = 9F84642B29FD5CE600261E55 /* LaunchScreen.storyboard */; };
		9F84643529FD5E8000261E55 /* SecondViewController.swift in Sources */ = {isa = PBXBuildFile; fileRef = 9F84643429FD5E8000261E55 /* SecondViewController.swift */; };
/* End PBXBuildFile section */

/* Begin PBXFileReference section */
		19FD768BBFA8412E809BABD7 /* Pods_test290423.framework */ = {isa = PBXFileReference; explicitFileType = wrapper.framework; includeInIndex = 0; path = Pods_test290423.framework; sourceTree = BUILT_PRODUCTS_DIR; };
		9F84641D29FD5CE400261E55 /* test290423.app */ = {isa = PBXFileReference; explicitFileType = wrapper.application; includeInIndex = 0; path = test290423.app; sourceTree = BUILT_PRODUCTS_DIR; };
		9F84642029FD5CE400261E55 /* AppDelegate.swift */ = {isa = PBXFileReference; lastKnownFileType = sourcecode.swift; path = AppDelegate.swift; sourceTree = "<group>"; };
		9F84642229FD5CE400261E55 /* SceneDelegate.swift */ = {isa = PBXFileReference; lastKnownFileType = sourcecode.swift; path = SceneDelegate.swift; sourceTree = "<group>"; };
		9F84642429FD5CE400261E55 /* ViewController.swift */ = {isa = PBXFileReference; lastKnownFileType = sourcecode.swift; path = ViewController.swift; sourceTree = "<group>"; };
		9F84642729FD5CE400261E55 /* Base */ = {isa = PBXFileReference; lastKnownFileType = file.storyboard; name = Base; path = Base.lproj/Main.storyboard; sourceTree = "<group>"; };
		9F84642929FD5CE600261E55 /* Assets.xcassets */ = {isa = PBXFileReference; lastKnownFileType = folder.assetcatalog; path = Assets.xcassets; sourceTree = "<group>"; };
		9F84642C29FD5CE600261E55 /* Base */ = {isa = PBXFileReference; lastKnownFileType = file.storyboard; name = Base; path = Base.lproj/LaunchScreen.storyboard; sourceTree = "<group>"; };
		9F84642E29FD5CE600261E55 /* Info.plist */ = {isa = PBXFileReference; lastKnownFileType = text.plist.xml; path = Info.plist; sourceTree = "<group>"; };
		9F84643429FD5E8000261E55 /* SecondViewController.swift */ = {isa = PBXFileReference; lastKnownFileType = sourcecode.swift; path = SecondViewController.swift; sourceTree = "<group>"; };
		B2787B587102E499D48A3F43 /* Pods-test290423.debug.xcconfig */ = {isa = PBXFileReference; includeInIndex = 1; lastKnownFileType = text.xcconfig; name = "Pods-test290423.debug.xcconfig"; path = "Target Support Files/Pods-test290423/Pods-test290423.debug.xcconfig"; sourceTree = "<group>"; };
		C770468A08E7197BC00E8F1E /* Pods-test290423.release.xcconfig */ = {isa = PBXFileReference; includeInIndex = 1; lastKnownFileType = text.xcconfig; name = "Pods-test290423.release.xcconfig"; path = "Target Support Files/Pods-test290423/Pods-test290423.release.xcconfig"; sourceTree = "<group>"; };
/* End PBXFileReference section */

/* Begin PBXFrameworksBuildPhase section */
		9F84641A29FD5CE400261E55 /* Frameworks */ = {
			isa = PBXFrameworksBuildPhase;
			buildActionMask = 2147483647;
			files = (
				3159BF793B223328D5B76971 /* Pods_test290423.framework in Frameworks */,
			);
			runOnlyForDeploymentPostprocessing = 0;
		};
/* End PBXFrameworksBuildPhase section */

/* Begin PBXGroup section */
		33D5B58442948DEA256E6D5C /* Frameworks */ = {
			isa = PBXGroup;
			children = (
				19FD768BBFA8412E809BABD7 /* Pods_test290423.framework */,
			);
			name = Frameworks;
			sourceTree = "<group>";
		};
		9F84641429FD5CE400261E55 = {
			isa = PBXGroup;
			children = (
				9F84641F29FD5CE400261E55 /* test290423 */,
				9F84641E29FD5CE400261E55 /* Products */,
				E27051FB9A48A20FB1205740 /* Pods */,
				33D5B58442948DEA256E6D5C /* Frameworks */,
			);
			sourceTree = "<group>";
		};
		9F84641E29FD5CE400261E55 /* Products */ = {
			isa = PBXGroup;
			children = (
				9F84641D29FD5CE400261E55 /* test290423.app */,
			);
			name = Products;
			sourceTree = "<group>";
		};
		9F84641F29FD5CE400261E55 /* test290423 */ = {
			isa = PBXGroup;
			children = (
				9F84642029FD5CE400261E55 /* AppDelegate.swift */,
				9F84642229FD5CE400261E55 /* SceneDelegate.swift */,
				9F84642429FD5CE400261E55 /* ViewController.swift */,
				9F84643429FD5E8000261E55 /* SecondViewController.swift */,
				9F84642629FD5CE400261E55 /* Main.storyboard */,
				9F84642929FD5CE600261E55 /* Assets.xcassets */,
				9F84642B29FD5CE600261E55 /* LaunchScreen.storyboard */,
				9F84642E29FD5CE600261E55 /* Info.plist */,
			);
			path = test290423;
			sourceTree = "<group>";
		};
		E27051FB9A48A20FB1205740 /* Pods */ = {
			isa = PBXGroup;
			children = (
				B2787B587102E499D48A3F43 /* Pods-test290423.debug.xcconfig */,
				C770468A08E7197BC00E8F1E /* Pods-test290423.release.xcconfig */,
			);
			path = Pods;
			sourceTree = "<group>";
		};
/* End PBXGroup section */

/* Begin PBXNativeTarget section */
		9F84641C29FD5CE400261E55 /* test290423 */ = {
			isa = PBXNativeTarget;
			buildConfigurationList = 9F84643129FD5CE600261E55 /* Build configuration list for PBXNativeTarget "test290423" */;
			buildPhases = (
				4F184D87A60151B28A84CBC2 /* [CP] Check Pods Manifest.lock */,
				9F84641929FD5CE400261E55 /* Sources */,
				9F84641A29FD5CE400261E55 /* Frameworks */,
				9F84641B29FD5CE400261E55 /* Resources */,
				BC11A0DEEE7F905A882B397E /* [CP] Embed Pods Frameworks */,
			);
			buildRules = (
			);
			dependencies = (
			);
			name = test290423;
			productName = test290423;
			productReference = 9F84641D29FD5CE400261E55 /* test290423.app */;
			productType = "com.apple.product-type.application";
		};
/* End PBXNativeTarget section */

/* Begin PBXProject section */
		9F84641529FD5CE400261E55 /* Project object */ = {
			isa = PBXProject;
			attributes = {
				BuildIndependentTargetsInParallel = 1;
				LastSwiftUpdateCheck = 1410;
				LastUpgradeCheck = 1410;
				TargetAttributes = {
					9F84641C29FD5CE400261E55 = {
						CreatedOnToolsVersion = 14.1;
					};
				};
			};
			buildConfigurationList = 9F84641829FD5CE400261E55 /* Build configuration list for PBXProject "test290423" */;
			compatibilityVersion = "Xcode 14.0";
			developmentRegion = en;
			hasScannedForEncodings = 0;
			knownRegions = (
				en,
				Base,
			);
			mainGroup = 9F84641429FD5CE400261E55;
			productRefGroup = 9F84641E29FD5CE400261E55 /* Products */;
			projectDirPath = "";
			projectRoot = "";
			targets = (
				9F84641C29FD5CE400261E55 /* test290423 */,
			);
		};
/* End PBXProject section */

/* Begin PBXResourcesBuildPhase section */
		9F84641B29FD5CE400261E55 /* Resources */ = {
			isa = PBXResourcesBuildPhase;
			buildActionMask = 2147483647;
			files = (
				9F84642D29FD5CE600261E55 /* LaunchScreen.storyboard in Resources */,
				9F84642A29FD5CE600261E55 /* Assets.xcassets in Resources */,
				9F84642829FD5CE400261E55 /* Main.storyboard in Resources */,
			);
			runOnlyForDeploymentPostprocessing = 0;
		};
/* End PBXResourcesBuildPhase section */

/* Begin PBXShellScriptBuildPhase section */
		4F184D87A60151B28A84CBC2 /* [CP] Check Pods Manifest.lock */ = {
			isa = PBXShellScriptBuildPhase;
			buildActionMask = 2147483647;
			files = (
			);
			inputFileListPaths = (
			);
			inputPaths = (
				"${PODS_PODFILE_DIR_PATH}/Podfile.lock",
				"${PODS_ROOT}/Manifest.lock",
			);
			name = "[CP] Check Pods Manifest.lock";
			outputFileListPaths = (
			);
			outputPaths = (
				"$(DERIVED_FILE_DIR)/Pods-test290423-checkManifestLockResult.txt",
			);
			runOnlyForDeploymentPostprocessing = 0;
			shellPath = /bin/sh;
			shellScript = "diff \"${PODS_PODFILE_DIR_PATH}/Podfile.lock\" \"${PODS_ROOT}/Manifest.lock\" > /dev/null\nif [ $? != 0 ] ; then\n    # print error to STDERR\n    echo \"error: The sandbox is not in sync with the Podfile.lock. Run 'pod install' or update your CocoaPods installation.\" >&2\n    exit 1\nfi\n# This output is used by Xcode 'outputs' to avoid re-running this script phase.\necho \"SUCCESS\" > \"${SCRIPT_OUTPUT_FILE_0}\"\n";
			showEnvVarsInLog = 0;
		};
		BC11A0DEEE7F905A882B397E /* [CP] Embed Pods Frameworks */ = {
			isa = PBXShellScriptBuildPhase;
			buildActionMask = 2147483647;
			files = (
			);
			inputFileListPaths = (
				"${PODS_ROOT}/Target Support Files/Pods-test290423/Pods-test290423-frameworks-${CONFIGURATION}-input-files.xcfilelist",
			);
			name = "[CP] Embed Pods Frameworks";
			outputFileListPaths = (
				"${PODS_ROOT}/Target Support Files/Pods-test290423/Pods-test290423-frameworks-${CONFIGURATION}-output-files.xcfilelist",
			);
			runOnlyForDeploymentPostprocessing = 0;
			shellPath = /bin/sh;
			shellScript = "\"${PODS_ROOT}/Target Support Files/Pods-test290423/Pods-test290423-frameworks.sh\"\n";
			showEnvVarsInLog = 0;
		};
/* End PBXShellScriptBuildPhase section */

/* Begin PBXSourcesBuildPhase section */
		9F84641929FD5CE400261E55 /* Sources */ = {
			isa = PBXSourcesBuildPhase;
			buildActionMask = 2147483647;
			files = (
				9F84643529FD5E8000261E55 /* SecondViewController.swift in Sources */,
				9F84642529FD5CE400261E55 /* ViewController.swift in Sources */,
				9F84642129FD5CE400261E55 /* AppDelegate.swift in Sources */,
				9F84642329FD5CE400261E55 /* SceneDelegate.swift in Sources */,
			);
			runOnlyForDeploymentPostprocessing = 0;
		};
/* End PBXSourcesBuildPhase section */

/* Begin PBXVariantGroup section */
		9F84642629FD5CE400261E55 /* Main.storyboard */ = {
			isa = PBXVariantGroup;
			children = (
				9F84642729FD5CE400261E55 /* Base */,
			);
			name = Main.storyboard;
			sourceTree = "<group>";
		};
		9F84642B29FD5CE600261E55 /* LaunchScreen.storyboard */ = {
			isa = PBXVariantGroup;
			children = (
				9F84642C29FD5CE600261E55 /* Base */,
			);
			name = LaunchScreen.storyboard;
			sourceTree = "<group>";
		};
/* End PBXVariantGroup section */

/* Begin XCBuildConfiguration section */
		9F84642F29FD5CE600261E55 /* Debug */ = {
			isa = XCBuildConfiguration;
			buildSettings = {
				ALWAYS_SEARCH_USER_PATHS = NO;
				CLANG_ANALYZER_NONNULL = YES;
				CLANG_ANALYZER_NUMBER_OBJECT_CONVERSION = YES_AGGRESSIVE;
				CLANG_CXX_LANGUAGE_STANDARD = "gnu++20";
				CLANG_ENABLE_MODULES = YES;
				CLANG_ENABLE_OBJC_ARC = YES;
				CLANG_ENABLE_OBJC_WEAK = YES;
				CLANG_WARN_BLOCK_CAPTURE_AUTORELEASING = YES;
				CLANG_WARN_BOOL_CONVERSION = YES;
				CLANG_WARN_COMMA = YES;
				CLANG_WARN_CONSTANT_CONVERSION = YES;
				CLANG_WARN_DEPRECATED_OBJC_IMPLEMENTATIONS = YES;
				CLANG_WARN_DIRECT_OBJC_ISA_USAGE = YES_ERROR;
				CLANG_WARN_DOCUMENTATION_COMMENTS = YES;
				CLANG_WARN_EMPTY_BODY = YES;
				CLANG_WARN_ENUM_CONVERSION = YES;
				CLANG_WARN_INFINITE_RECURSION = YES;
				CLANG_WARN_INT_CONVERSION = YES;
				CLANG_WARN_NON_LITERAL_NULL_CONVERSION = YES;
				CLANG_WARN_OBJC_IMPLICIT_RETAIN_SELF = YES;
				CLANG_WARN_OBJC_LITERAL_CONVERSION = YES;
				CLANG_WARN_OBJC_ROOT_CLASS = YES_ERROR;
				CLANG_WARN_QUOTED_INCLUDE_IN_FRAMEWORK_HEADER = YES;
				CLANG_WARN_RANGE_LOOP_ANALYSIS = YES;
				CLANG_WARN_STRICT_PROTOTYPES = YES;
				CLANG_WARN_SUSPICIOUS_MOVE = YES;
				CLANG_WARN_UNGUARDED_AVAILABILITY = YES_AGGRESSIVE;
				CLANG_WARN_UNREACHABLE_CODE = YES;
				CLANG_WARN__DUPLICATE_METHOD_MATCH = YES;
				COPY_PHASE_STRIP = NO;
				DEBUG_INFORMATION_FORMAT = dwarf;
				ENABLE_STRICT_OBJC_MSGSEND = YES;
				ENABLE_TESTABILITY = YES;
				GCC_C_LANGUAGE_STANDARD = gnu11;
				GCC_DYNAMIC_NO_PIC = NO;
				GCC_NO_COMMON_BLOCKS = YES;
				GCC_OPTIMIZATION_LEVEL = 0;
				GCC_PREPROCESSOR_DEFINITIONS = (
					"DEBUG=1",
					"$(inherited)",
				);
				GCC_WARN_64_TO_32_BIT_CONVERSION = YES;
				GCC_WARN_ABOUT_RETURN_TYPE = YES_ERROR;
				GCC_WARN_UNDECLARED_SELECTOR = YES;
				GCC_WARN_UNINITIALIZED_AUTOS = YES_AGGRESSIVE;
				GCC_WARN_UNUSED_FUNCTION = YES;
				GCC_WARN_UNUSED_VARIABLE = YES;
				IPHONEOS_DEPLOYMENT_TARGET = 16.1;
				MTL_ENABLE_DEBUG_INFO = INCLUDE_SOURCE;
				MTL_FAST_MATH = YES;
				ONLY_ACTIVE_ARCH = YES;
				SDKROOT = iphoneos;
				SWIFT_ACTIVE_COMPILATION_CONDITIONS = DEBUG;
				SWIFT_OPTIMIZATION_LEVEL = "-Onone";
			};
			name = Debug;
		};
		9F84643029FD5CE600261E55 /* Release */ = {
			isa = XCBuildConfiguration;
			buildSettings = {
				ALWAYS_SEARCH_USER_PATHS = NO;
				CLANG_ANALYZER_NONNULL = YES;
				CLANG_ANALYZER_NUMBER_OBJECT_CONVERSION = YES_AGGRESSIVE;
				CLANG_CXX_LANGUAGE_STANDARD = "gnu++20";
				CLANG_ENABLE_MODULES = YES;
				CLANG_ENABLE_OBJC_ARC = YES;
				CLANG_ENABLE_OBJC_WEAK = YES;
				CLANG_WARN_BLOCK_CAPTURE_AUTORELEASING = YES;
				CLANG_WARN_BOOL_CONVERSION = YES;
				CLANG_WARN_COMMA = YES;
				CLANG_WARN_CONSTANT_CONVERSION = YES;
				CLANG_WARN_DEPRECATED_OBJC_IMPLEMENTATIONS = YES;
				CLANG_WARN_DIRECT_OBJC_ISA_USAGE = YES_ERROR;
				CLANG_WARN_DOCUMENTATION_COMMENTS = YES;
				CLANG_WARN_EMPTY_BODY = YES;
				CLANG_WARN_ENUM_CONVERSION = YES;
				CLANG_WARN_INFINITE_RECURSION = YES;
				CLANG_WARN_INT_CONVERSION = YES;
				CLANG_WARN_NON_LITERAL_NULL_CONVERSION = YES;
				CLANG_WARN_OBJC_IMPLICIT_RETAIN_SELF = YES;
				CLANG_WARN_OBJC_LITERAL_CONVERSION = YES;
				CLANG_WARN_OBJC_ROOT_CLASS = YES_ERROR;
				CLANG_WARN_QUOTED_INCLUDE_IN_FRAMEWORK_HEADER = YES;
				CLANG_WARN_RANGE_LOOP_ANALYSIS = YES;
				CLANG_WARN_STRICT_PROTOTYPES = YES;
				CLANG_WARN_SUSPICIOUS_MOVE = YES;
				CLANG_WARN_UNGUARDED_AVAILABILITY = YES_AGGRESSIVE;
				CLANG_WARN_UNREACHABLE_CODE = YES;
				CLANG_WARN__DUPLICATE_METHOD_MATCH = YES;
				COPY_PHASE_STRIP = NO;
				DEBUG_INFORMATION_FORMAT = "dwarf-with-dsym";
				ENABLE_NS_ASSERTIONS = NO;
				ENABLE_STRICT_OBJC_MSGSEND = YES;
				GCC_C_LANGUAGE_STANDARD = gnu11;
				GCC_NO_COMMON_BLOCKS = YES;
				GCC_WARN_64_TO_32_BIT_CONVERSION = YES;
				GCC_WARN_ABOUT_RETURN_TYPE = YES_ERROR;
				GCC_WARN_UNDECLARED_SELECTOR = YES;
				GCC_WARN_UNINITIALIZED_AUTOS = YES_AGGRESSIVE;
				GCC_WARN_UNUSED_FUNCTION = YES;
				GCC_WARN_UNUSED_VARIABLE = YES;
				IPHONEOS_DEPLOYMENT_TARGET = 16.1;
				MTL_ENABLE_DEBUG_INFO = NO;
				MTL_FAST_MATH = YES;
				SDKROOT = iphoneos;
				SWIFT_COMPILATION_MODE = wholemodule;
				SWIFT_OPTIMIZATION_LEVEL = "-O";
				VALIDATE_PRODUCT = YES;
			};
			name = Release;
		};
		9F84643229FD5CE600261E55 /* Debug */ = {
			isa = XCBuildConfiguration;
			baseConfigurationReference = B2787B587102E499D48A3F43 /* Pods-test290423.debug.xcconfig */;
			buildSettings = {
				ASSETCATALOG_COMPILER_APPICON_NAME = AppIcon;
				ASSETCATALOG_COMPILER_GLOBAL_ACCENT_COLOR_NAME = AccentColor;
				CODE_SIGN_STYLE = Automatic;
				CURRENT_PROJECT_VERSION = 1;
				DEVELOPMENT_TEAM = KG957AS5UJ;
				GENERATE_INFOPLIST_FILE = YES;
				INFOPLIST_FILE = test290423/Info.plist;
				INFOPLIST_KEY_UIApplicationSupportsIndirectInputEvents = YES;
				INFOPLIST_KEY_UILaunchStoryboardName = LaunchScreen;
				INFOPLIST_KEY_UISupportedInterfaceOrientations_iPad = "UIInterfaceOrientationPortrait UIInterfaceOrientationPortraitUpsideDown UIInterfaceOrientationLandscapeLeft UIInterfaceOrientationLandscapeRight";
				INFOPLIST_KEY_UISupportedInterfaceOrientations_iPhone = "UIInterfaceOrientationPortrait UIInterfaceOrientationLandscapeLeft UIInterfaceOrientationLandscapeRight";
				LD_RUNPATH_SEARCH_PATHS = (
					"$(inherited)",
					"@executable_path/Frameworks",
				);
				MARKETING_VERSION = 1.0;
				PRODUCT_BUNDLE_IDENTIFIER = "-23.test290423";
				PRODUCT_NAME = "$(TARGET_NAME)";
				SWIFT_EMIT_LOC_STRINGS = YES;
				SWIFT_VERSION = 5.0;
				TARGETED_DEVICE_FAMILY = "1,2";
			};
			name = Debug;
		};
		9F84643329FD5CE600261E55 /* Release */ = {
			isa = XCBuildConfiguration;
			baseConfigurationReference = C770468A08E7197BC00E8F1E /* Pods-test290423.release.xcconfig */;
			buildSettings = {
				ASSETCATALOG_COMPILER_APPICON_NAME = AppIcon;
				ASSETCATALOG_COMPILER_GLOBAL_ACCENT_COLOR_NAME = AccentColor;
				CODE_SIGN_STYLE = Automatic;
				CURRENT_PROJECT_VERSION = 1;
				DEVELOPMENT_TEAM = KG957AS5UJ;
				GENERATE_INFOPLIST_FILE = YES;
				INFOPLIST_FILE = test290423/Info.plist;
				INFOPLIST_KEY_UIApplicationSupportsIndirectInputEvents = YES;
				INFOPLIST_KEY_UILaunchStoryboardName = LaunchScreen;
				INFOPLIST_KEY_UISupportedInterfaceOrientations_iPad = "UIInterfaceOrientationPortrait UIInterfaceOrientationPortraitUpsideDown UIInterfaceOrientationLandscapeLeft UIInterfaceOrientationLandscapeRight";
				INFOPLIST_KEY_UISupportedInterfaceOrientations_iPhone = "UIInterfaceOrientationPortrait UIInterfaceOrientationLandscapeLeft UIInterfaceOrientationLandscapeRight";
				LD_RUNPATH_SEARCH_PATHS = (
					"$(inherited)",
					"@executable_path/Frameworks",
				);
				MARKETING_VERSION = 1.0;
				PRODUCT_BUNDLE_IDENTIFIER = "-23.test290423";
				PRODUCT_NAME = "$(TARGET_NAME)";
				SWIFT_EMIT_LOC_STRINGS = YES;
				SWIFT_VERSION = 5.0;
				TARGETED_DEVICE_FAMILY = "1,2";
			};
			name = Release;
		};
/* End XCBuildConfiguration section */

/* Begin XCConfigurationList section */
		9F84641829FD5CE400261E55 /* Build configuration list for PBXProject "test290423" */ = {
			isa = XCConfigurationList;
			buildConfigurations = (
				9F84642F29FD5CE600261E55 /* Debug */,
				9F84643029FD5CE600261E55 /* Release */,
			);
			defaultConfigurationIsVisible = 0;
			defaultConfigurationName = Release;
		};
		9F84643129FD5CE600261E55 /* Build configuration list for PBXNativeTarget "test290423" */ = {
			isa = XCConfigurationList;
			buildConfigurations = (
				9F84643229FD5CE600261E55 /* Debug */,
				9F84643329FD5CE600261E55 /* Release */,
			);
			defaultConfigurationIsVisible = 0;
			defaultConfigurationName = Release;
		};
/* End XCConfigurationList section */
	};
	rootObject = 9F84641529FD5CE400261E55 /* Project object */;
}
